
Microsoft Visual Studio Solution File, Format Version 12.00
Project("{FAE04EC0-301F-11D3-BF4B-00C04F79EFBC}") = "homeWork-50", "homeWork-50\homeWork-50.csproj", "{55A41864-07D2-49A7-8D88-C0C7CB9B2446}"
EndProject
Global
	GlobalSection(SolutionConfigurationPlatforms) = preSolution
		Debug|Any CPU = Debug|Any CPU
		Release|Any CPU = Release|Any CPU
	EndGlobalSection
	GlobalSection(ProjectConfigurationPlatforms) = postSolution
		{55A41864-07D2-49A7-8D88-C0C7CB9B2446}.Debug|Any CPU.ActiveCfg = Debug|Any CPU
		{55A41864-07D2-49A7-8D88-C0C7CB9B2446}.Debug|Any CPU.Build.0 = Debug|Any CPU
		{55A41864-07D2-49A7-8D88-C0C7CB9B2446}.Release|Any CPU.ActiveCfg = Release|Any CPU
		{55A41864-07D2-49A7-8D88-C0C7CB9B2446}.Release|Any CPU.Build.0 = Release|Any CPU
	EndGlobalSection
EndGlobal
